// !$*UTF8*$!
{
	archiveVersion = 1;
	classes = {
	};
	objectVersion = 50;
	objects = {

/* Begin PBXBuildFile section */
		13981D408DBE5A933AB4EEA7 /* libPods-Pull And Scroll.a in Frameworks */ = {isa = PBXBuildFile; fileRef = 82ED303644DEEFE53CFB9133 /* libPods-Pull And Scroll.a */; };
		B0115F079BA338457720FAB3 /* libPods-Pull And ScrollTests.a in Frameworks */ = {isa = PBXBuildFile; fileRef = FD20D959888CBA5A863CE8B1 /* libPods-Pull And ScrollTests.a */; };
		B6669D7F25B95D2E003D6202 /* TestViewController.m in Sources */ = {isa = PBXBuildFile; fileRef = B6669D7E25B95D2E003D6202 /* TestViewController.m */; };
		B698242425E0AEE40006073D /* Test2ViewController.m in Sources */ = {isa = PBXBuildFile; fileRef = B698242325E0AEE40006073D /* Test2ViewController.m */; };
		B6C4AC0125B67A4B004175BF /* AppDelegate.m in Sources */ = {isa = PBXBuildFile; fileRef = B6C4AC0025B67A4B004175BF /* AppDelegate.m */; };
		B6C4AC0C25B67A4E004175BF /* Assets.xcassets in Resources */ = {isa = PBXBuildFile; fileRef = B6C4AC0B25B67A4E004175BF /* Assets.xcassets */; };
		B6C4AC0F25B67A4E004175BF /* LaunchScreen.storyboard in Resources */ = {isa = PBXBuildFile; fileRef = B6C4AC0D25B67A4E004175BF /* LaunchScreen.storyboard */; };
		B6C4AC1225B67A4E004175BF /* main.m in Sources */ = {isa = PBXBuildFile; fileRef = B6C4AC1125B67A4E004175BF /* main.m */; };
		B6C4AC1C25B67A4F004175BF /* Pull_And_ScrollTests.m in Sources */ = {isa = PBXBuildFile; fileRef = B6C4AC1B25B67A4F004175BF /* Pull_And_ScrollTests.m */; };
		B6C4AC2725B67A4F004175BF /* Pull_And_ScrollUITests.m in Sources */ = {isa = PBXBuildFile; fileRef = B6C4AC2625B67A4F004175BF /* Pull_And_ScrollUITests.m */; };
		B6C4AC3F25B67AC4004175BF /* PullScrollViewController.m in Sources */ = {isa = PBXBuildFile; fileRef = B6C4AC3E25B67AC4004175BF /* PullScrollViewController.m */; };
		FD217AFC9C51EBE1B3252F7A /* libPods-Pull And Scroll-Pull And ScrollUITests.a in Frameworks */ = {isa = PBXBuildFile; fileRef = 76C54B1FC9A51F0EC0CDC2DB /* libPods-Pull And Scroll-Pull And ScrollUITests.a */; };
/* End PBXBuildFile section */

/* Begin PBXContainerItemProxy section */
		B6C4AC1825B67A4F004175BF /* PBXContainerItemProxy */ = {
			isa = PBXContainerItemProxy;
			containerPortal = B6C4ABF425B67A4A004175BF /* Project object */;
			proxyType = 1;
			remoteGlobalIDString = B6C4ABFB25B67A4B004175BF;
			remoteInfo = "Pull And Scroll";
		};
		B6C4AC2325B67A4F004175BF /* PBXContainerItemProxy */ = {
			isa = PBXContainerItemProxy;
			containerPortal = B6C4ABF425B67A4A004175BF /* Project object */;
			proxyType = 1;
			remoteGlobalIDString = B6C4ABFB25B67A4B004175BF;
			remoteInfo = "Pull And Scroll";
		};
/* End PBXContainerItemProxy section */

/* Begin PBXFileReference section */
		1DBBD0E71A4E64A61DD2CF0C /* Pods-Pull And Scroll.debug.xcconfig */ = {isa = PBXFileReference; includeInIndex = 1; lastKnownFileType = text.xcconfig; name = "Pods-Pull And Scroll.debug.xcconfig"; path = "Target Support Files/Pods-Pull And Scroll/Pods-Pull And Scroll.debug.xcconfig"; sourceTree = "<group>"; };
		323730B564D1FFDFA0067113 /* Pods-Pull And Scroll-Pull And ScrollUITests.debug.xcconfig */ = {isa = PBXFileReference; includeInIndex = 1; lastKnownFileType = text.xcconfig; name = "Pods-Pull And Scroll-Pull And ScrollUITests.debug.xcconfig"; path = "Target Support Files/Pods-Pull And Scroll-Pull And ScrollUITests/Pods-Pull And Scroll-Pull And ScrollUITests.debug.xcconfig"; sourceTree = "<group>"; };
		4D4AE6DD30CEEE86B9141DB9 /* Pods-Pull And Scroll.release.xcconfig */ = {isa = PBXFileReference; includeInIndex = 1; lastKnownFileType = text.xcconfig; name = "Pods-Pull And Scroll.release.xcconfig"; path = "Target Support Files/Pods-Pull And Scroll/Pods-Pull And Scroll.release.xcconfig"; sourceTree = "<group>"; };
		76C54B1FC9A51F0EC0CDC2DB /* libPods-Pull And Scroll-Pull And ScrollUITests.a */ = {isa = PBXFileReference; explicitFileType = archive.ar; includeInIndex = 0; path = "libPods-Pull And Scroll-Pull And ScrollUITests.a"; sourceTree = BUILT_PRODUCTS_DIR; };
		82ED303644DEEFE53CFB9133 /* libPods-Pull And Scroll.a */ = {isa = PBXFileReference; explicitFileType = archive.ar; includeInIndex = 0; path = "libPods-Pull And Scroll.a"; sourceTree = BUILT_PRODUCTS_DIR; };
		851F81041C48C483E2E4532F /* Pods-Pull And ScrollTests.debug.xcconfig */ = {isa = PBXFileReference; includeInIndex = 1; lastKnownFileType = text.xcconfig; name = "Pods-Pull And ScrollTests.debug.xcconfig"; path = "Target Support Files/Pods-Pull And ScrollTests/Pods-Pull And ScrollTests.debug.xcconfig"; sourceTree = "<group>"; };
		B6669D7D25B95D2E003D6202 /* TestViewController.h */ = {isa = PBXFileReference; lastKnownFileType = sourcecode.c.h; path = TestViewController.h; sourceTree = "<group>"; };
		B6669D7E25B95D2E003D6202 /* TestViewController.m */ = {isa = PBXFileReference; lastKnownFileType = sourcecode.c.objc; path = TestViewController.m; sourceTree = "<group>"; };
		B698242225E0AEE40006073D /* Test2ViewController.h */ = {isa = PBXFileReference; lastKnownFileType = sourcecode.c.h; path = Test2ViewController.h; sourceTree = "<group>"; };
		B698242325E0AEE40006073D /* Test2ViewController.m */ = {isa = PBXFileReference; lastKnownFileType = sourcecode.c.objc; path = Test2ViewController.m; sourceTree = "<group>"; };
		B6C4ABFC25B67A4B004175BF /* Pull And Scroll.app */ = {isa = PBXFileReference; explicitFileType = wrapper.application; includeInIndex = 0; path = "Pull And Scroll.app"; sourceTree = BUILT_PRODUCTS_DIR; };
		B6C4ABFF25B67A4B004175BF /* AppDelegate.h */ = {isa = PBXFileReference; lastKnownFileType = sourcecode.c.h; path = AppDelegate.h; sourceTree = "<group>"; };
		B6C4AC0025B67A4B004175BF /* AppDelegate.m */ = {isa = PBXFileReference; lastKnownFileType = sourcecode.c.objc; path = AppDelegate.m; sourceTree = "<group>"; };
		B6C4AC0B25B67A4E004175BF /* Assets.xcassets */ = {isa = PBXFileReference; lastKnownFileType = folder.assetcatalog; path = Assets.xcassets; sourceTree = "<group>"; };
		B6C4AC0E25B67A4E004175BF /* Base */ = {isa = PBXFileReference; lastKnownFileType = file.storyboard; name = Base; path = Base.lproj/LaunchScreen.storyboard; sourceTree = "<group>"; };
		B6C4AC1025B67A4E004175BF /* Info.plist */ = {isa = PBXFileReference; lastKnownFileType = text.plist.xml; path = Info.plist; sourceTree = "<group>"; };
		B6C4AC1125B67A4E004175BF /* main.m */ = {isa = PBXFileReference; lastKnownFileType = sourcecode.c.objc; path = main.m; sourceTree = "<group>"; };
		B6C4AC1725B67A4F004175BF /* Pull And ScrollTests.xctest */ = {isa = PBXFileReference; explicitFileType = wrapper.cfbundle; includeInIndex = 0; path = "Pull And ScrollTests.xctest"; sourceTree = BUILT_PRODUCTS_DIR; };
		B6C4AC1B25B67A4F004175BF /* Pull_And_ScrollTests.m */ = {isa = PBXFileReference; lastKnownFileType = sourcecode.c.objc; path = Pull_And_ScrollTests.m; sourceTree = "<group>"; };
		B6C4AC1D25B67A4F004175BF /* Info.plist */ = {isa = PBXFileReference; lastKnownFileType = text.plist.xml; path = Info.plist; sourceTree = "<group>"; };
		B6C4AC2225B67A4F004175BF /* Pull And ScrollUITests.xctest */ = {isa = PBXFileReference; explicitFileType = wrapper.cfbundle; includeInIndex = 0; path = "Pull And ScrollUITests.xctest"; sourceTree = BUILT_PRODUCTS_DIR; };
		B6C4AC2625B67A4F004175BF /* Pull_And_ScrollUITests.m */ = {isa = PBXFileReference; lastKnownFileType = sourcecode.c.objc; path = Pull_And_ScrollUITests.m; sourceTree = "<group>"; };
		B6C4AC2825B67A4F004175BF /* Info.plist */ = {isa = PBXFileReference; lastKnownFileType = text.plist.xml; path = Info.plist; sourceTree = "<group>"; };
		B6C4AC3D25B67AC4004175BF /* PullScrollViewController.h */ = {isa = PBXFileReference; lastKnownFileType = sourcecode.c.h; path = PullScrollViewController.h; sourceTree = "<group>"; };
		B6C4AC3E25B67AC4004175BF /* PullScrollViewController.m */ = {isa = PBXFileReference; lastKnownFileType = sourcecode.c.objc; path = PullScrollViewController.m; sourceTree = "<group>"; };
		CF050C90487ED6ECEB1745A2 /* Pods-Pull And Scroll-Pull And ScrollUITests.release.xcconfig */ = {isa = PBXFileReference; includeInIndex = 1; lastKnownFileType = text.xcconfig; name = "Pods-Pull And Scroll-Pull And ScrollUITests.release.xcconfig"; path = "Target Support Files/Pods-Pull And Scroll-Pull And ScrollUITests/Pods-Pull And Scroll-Pull And ScrollUITests.release.xcconfig"; sourceTree = "<group>"; };
		FD20D959888CBA5A863CE8B1 /* libPods-Pull And ScrollTests.a */ = {isa = PBXFileReference; explicitFileType = archive.ar; includeInIndex = 0; path = "libPods-Pull And ScrollTests.a"; sourceTree = BUILT_PRODUCTS_DIR; };
		FFD156FD4C8597D3CA7F756B /* Pods-Pull And ScrollTests.release.xcconfig */ = {isa = PBXFileReference; includeInIndex = 1; lastKnownFileType = text.xcconfig; name = "Pods-Pull And ScrollTests.release.xcconfig"; path = "Target Support Files/Pods-Pull And ScrollTests/Pods-Pull And ScrollTests.release.xcconfig"; sourceTree = "<group>"; };
/* End PBXFileReference section */

/* Begin PBXFrameworksBuildPhase section */
		B6C4ABF925B67A4B004175BF /* Frameworks */ = {
			isa = PBXFrameworksBuildPhase;
			buildActionMask = 2147483647;
			files = (
				13981D408DBE5A933AB4EEA7 /* libPods-Pull And Scroll.a in Frameworks */,
			);
			runOnlyForDeploymentPostprocessing = 0;
		};
		B6C4AC1425B67A4F004175BF /* Frameworks */ = {
			isa = PBXFrameworksBuildPhase;
			buildActionMask = 2147483647;
			files = (
				B0115F079BA338457720FAB3 /* libPods-Pull And ScrollTests.a in Frameworks */,
			);
			runOnlyForDeploymentPostprocessing = 0;
		};
		B6C4AC1F25B67A4F004175BF /* Frameworks */ = {
			isa = PBXFrameworksBuildPhase;
			buildActionMask = 2147483647;
			files = (
				FD217AFC9C51EBE1B3252F7A /* libPods-Pull And Scroll-Pull And ScrollUITests.a in Frameworks */,
			);
			runOnlyForDeploymentPostprocessing = 0;
		};
/* End PBXFrameworksBuildPhase section */

/* Begin PBXGroup section */
		929E9C8A55958BE653FE3BD7 /* Frameworks */ = {
			isa = PBXGroup;
			children = (
				82ED303644DEEFE53CFB9133 /* libPods-Pull And Scroll.a */,
				76C54B1FC9A51F0EC0CDC2DB /* libPods-Pull And Scroll-Pull And ScrollUITests.a */,
				FD20D959888CBA5A863CE8B1 /* libPods-Pull And ScrollTests.a */,
			);
			name = Frameworks;
			sourceTree = "<group>";
		};
		B6C4ABF325B67A4A004175BF = {
			isa = PBXGroup;
			children = (
				B6C4ABFE25B67A4B004175BF /* Pull And Scroll */,
				B6C4AC1A25B67A4F004175BF /* Pull And ScrollTests */,
				B6C4AC2525B67A4F004175BF /* Pull And ScrollUITests */,
				B6C4ABFD25B67A4B004175BF /* Products */,
				B7281334FB66B088BCFC4594 /* Pods */,
				929E9C8A55958BE653FE3BD7 /* Frameworks */,
			);
			sourceTree = "<group>";
		};
		B6C4ABFD25B67A4B004175BF /* Products */ = {
			isa = PBXGroup;
			children = (
				B6C4ABFC25B67A4B004175BF /* Pull And Scroll.app */,
				B6C4AC1725B67A4F004175BF /* Pull And ScrollTests.xctest */,
				B6C4AC2225B67A4F004175BF /* Pull And ScrollUITests.xctest */,
			);
			name = Products;
			sourceTree = "<group>";
		};
		B6C4ABFE25B67A4B004175BF /* Pull And Scroll */ = {
			isa = PBXGroup;
			children = (
				B6C4ABFF25B67A4B004175BF /* AppDelegate.h */,
				B6C4AC0025B67A4B004175BF /* AppDelegate.m */,
				B6C4AC3D25B67AC4004175BF /* PullScrollViewController.h */,
				B6C4AC3E25B67AC4004175BF /* PullScrollViewController.m */,
				B6669D7D25B95D2E003D6202 /* TestViewController.h */,
				B6669D7E25B95D2E003D6202 /* TestViewController.m */,
				B698242225E0AEE40006073D /* Test2ViewController.h */,
				B698242325E0AEE40006073D /* Test2ViewController.m */,
				B6C4AC0B25B67A4E004175BF /* Assets.xcassets */,
				B6C4AC0D25B67A4E004175BF /* LaunchScreen.storyboard */,
				B6C4AC1025B67A4E004175BF /* Info.plist */,
				B6C4AC1125B67A4E004175BF /* main.m */,
			);
			path = "Pull And Scroll";
			sourceTree = "<group>";
		};
		B6C4AC1A25B67A4F004175BF /* Pull And ScrollTests */ = {
			isa = PBXGroup;
			children = (
				B6C4AC1B25B67A4F004175BF /* Pull_And_ScrollTests.m */,
				B6C4AC1D25B67A4F004175BF /* Info.plist */,
			);
			path = "Pull And ScrollTests";
			sourceTree = "<group>";
		};
		B6C4AC2525B67A4F004175BF /* Pull And ScrollUITests */ = {
			isa = PBXGroup;
			children = (
				B6C4AC2625B67A4F004175BF /* Pull_And_ScrollUITests.m */,
				B6C4AC2825B67A4F004175BF /* Info.plist */,
			);
			path = "Pull And ScrollUITests";
			sourceTree = "<group>";
		};
		B7281334FB66B088BCFC4594 /* Pods */ = {
			isa = PBXGroup;
			children = (
				1DBBD0E71A4E64A61DD2CF0C /* Pods-Pull And Scroll.debug.xcconfig */,
				4D4AE6DD30CEEE86B9141DB9 /* Pods-Pull And Scroll.release.xcconfig */,
				323730B564D1FFDFA0067113 /* Pods-Pull And Scroll-Pull And ScrollUITests.debug.xcconfig */,
				CF050C90487ED6ECEB1745A2 /* Pods-Pull And Scroll-Pull And ScrollUITests.release.xcconfig */,
				851F81041C48C483E2E4532F /* Pods-Pull And ScrollTests.debug.xcconfig */,
				FFD156FD4C8597D3CA7F756B /* Pods-Pull And ScrollTests.release.xcconfig */,
			);
			path = Pods;
			sourceTree = "<group>";
		};
/* End PBXGroup section */

/* Begin PBXNativeTarget section */
		B6C4ABFB25B67A4B004175BF /* Pull And Scroll */ = {
			isa = PBXNativeTarget;
			buildConfigurationList = B6C4AC2B25B67A4F004175BF /* Build configuration list for PBXNativeTarget "Pull And Scroll" */;
			buildPhases = (
				C6D4237850B47D15BBEDFA97 /* [CP] Check Pods Manifest.lock */,
				B6C4ABF825B67A4B004175BF /* Sources */,
				B6C4ABF925B67A4B004175BF /* Frameworks */,
				B6C4ABFA25B67A4B004175BF /* Resources */,
			);
			buildRules = (
			);
			dependencies = (
			);
			name = "Pull And Scroll";
			productName = "Pull And Scroll";
			productReference = B6C4ABFC25B67A4B004175BF /* Pull And Scroll.app */;
			productType = "com.apple.product-type.application";
		};
		B6C4AC1625B67A4F004175BF /* Pull And ScrollTests */ = {
			isa = PBXNativeTarget;
			buildConfigurationList = B6C4AC2E25B67A4F004175BF /* Build configuration list for PBXNativeTarget "Pull And ScrollTests" */;
			buildPhases = (
				C2C91B7E75FB73C65ABF38CA /* [CP] Check Pods Manifest.lock */,
				B6C4AC1325B67A4F004175BF /* Sources */,
				B6C4AC1425B67A4F004175BF /* Frameworks */,
				B6C4AC1525B67A4F004175BF /* Resources */,
			);
			buildRules = (
			);
			dependencies = (
				B6C4AC1925B67A4F004175BF /* PBXTargetDependency */,
			);
			name = "Pull And ScrollTests";
			productName = "Pull And ScrollTests";
			productReference = B6C4AC1725B67A4F004175BF /* Pull And ScrollTests.xctest */;
			productType = "com.apple.product-type.bundle.unit-test";
		};
		B6C4AC2125B67A4F004175BF /* Pull And ScrollUITests */ = {
			isa = PBXNativeTarget;
			buildConfigurationList = B6C4AC3125B67A4F004175BF /* Build configuration list for PBXNativeTarget "Pull And ScrollUITests" */;
			buildPhases = (
				503A3F7740C43E5D856E48E2 /* [CP] Check Pods Manifest.lock */,
				B6C4AC1E25B67A4F004175BF /* Sources */,
				B6C4AC1F25B67A4F004175BF /* Frameworks */,
				B6C4AC2025B67A4F004175BF /* Resources */,
			);
			buildRules = (
			);
			dependencies = (
				B6C4AC2425B67A4F004175BF /* PBXTargetDependency */,
			);
			name = "Pull And ScrollUITests";
			productName = "Pull And ScrollUITests";
			productReference = B6C4AC2225B67A4F004175BF /* Pull And ScrollUITests.xctest */;
			productType = "com.apple.product-type.bundle.ui-testing";
		};
/* End PBXNativeTarget section */

/* Begin PBXProject section */
		B6C4ABF425B67A4A004175BF /* Project object */ = {
			isa = PBXProject;
			attributes = {
				LastUpgradeCheck = 1200;
				TargetAttributes = {
					B6C4ABFB25B67A4B004175BF = {
						CreatedOnToolsVersion = 12.0.1;
					};
					B6C4AC1625B67A4F004175BF = {
						CreatedOnToolsVersion = 12.0.1;
						TestTargetID = B6C4ABFB25B67A4B004175BF;
					};
					B6C4AC2125B67A4F004175BF = {
						CreatedOnToolsVersion = 12.0.1;
						TestTargetID = B6C4ABFB25B67A4B004175BF;
					};
				};
			};
			buildConfigurationList = B6C4ABF725B67A4B004175BF /* Build configuration list for PBXProject "Pull And Scroll" */;
			compatibilityVersion = "Xcode 9.3";
			developmentRegion = en;
			hasScannedForEncodings = 0;
			knownRegions = (
				en,
				Base,
			);
			mainGroup = B6C4ABF325B67A4A004175BF;
			productRefGroup = B6C4ABFD25B67A4B004175BF /* Products */;
			projectDirPath = "";
			projectRoot = "";
			targets = (
				B6C4ABFB25B67A4B004175BF /* Pull And Scroll */,
				B6C4AC1625B67A4F004175BF /* Pull And ScrollTests */,
				B6C4AC2125B67A4F004175BF /* Pull And ScrollUITests */,
			);
		};
/* End PBXProject section */

/* Begin PBXResourcesBuildPhase section */
		B6C4ABFA25B67A4B004175BF /* Resources */ = {
			isa = PBXResourcesBuildPhase;
			buildActionMask = 2147483647;
			files = (
				B6C4AC0F25B67A4E004175BF /* LaunchScreen.storyboard in Resources */,
				B6C4AC0C25B67A4E004175BF /* Assets.xcassets in Resources */,
			);
			runOnlyForDeploymentPostprocessing = 0;
		};
		B6C4AC1525B67A4F004175BF /* Resources */ = {
			isa = PBXResourcesBuildPhase;
			buildActionMask = 2147483647;
			files = (
			);
			runOnlyForDeploymentPostprocessing = 0;
		};
		B6C4AC2025B67A4F004175BF /* Resources */ = {
			isa = PBXResourcesBuildPhase;
			buildActionMask = 2147483647;
			files = (
			);
			runOnlyForDeploymentPostprocessing = 0;
		};
/* End PBXResourcesBuildPhase section */

/* Begin PBXShellScriptBuildPhase section */
		503A3F7740C43E5D856E48E2 /* [CP] Check Pods Manifest.lock */ = {
			isa = PBXShellScriptBuildPhase;
			buildActionMask = 2147483647;
			files = (
			);
			inputFileListPaths = (
			);
			inputPaths = (
				"${PODS_PODFILE_DIR_PATH}/Podfile.lock",
				"${PODS_ROOT}/Manifest.lock",
			);
			name = "[CP] Check Pods Manifest.lock";
			outputFileListPaths = (
			);
			outputPaths = (
				"$(DERIVED_FILE_DIR)/Pods-Pull And Scroll-Pull And ScrollUITests-checkManifestLockResult.txt",
			);
			runOnlyForDeploymentPostprocessing = 0;
			shellPath = /bin/sh;
			shellScript = "diff \"${PODS_PODFILE_DIR_PATH}/Podfile.lock\" \"${PODS_ROOT}/Manifest.lock\" > /dev/null\nif [ $? != 0 ] ; then\n    # print error to STDERR\n    echo \"error: The sandbox is not in sync with the Podfile.lock. Run 'pod install' or update your CocoaPods installation.\" >&2\n    exit 1\nfi\n# This output is used by Xcode 'outputs' to avoid re-running this script phase.\necho \"SUCCESS\" > \"${SCRIPT_OUTPUT_FILE_0}\"\n";
			showEnvVarsInLog = 0;
		};
		C2C91B7E75FB73C65ABF38CA /* [CP] Check Pods Manifest.lock */ = {
			isa = PBXShellScriptBuildPhase;
			buildActionMask = 2147483647;
			files = (
			);
			inputFileListPaths = (
			);
			inputPaths = (
				"${PODS_PODFILE_DIR_PATH}/Podfile.lock",
				"${PODS_ROOT}/Manifest.lock",
			);
			name = "[CP] Check Pods Manifest.lock";
			outputFileListPaths = (
			);
			outputPaths = (
				"$(DERIVED_FILE_DIR)/Pods-Pull And ScrollTests-checkManifestLockResult.txt",
			);
			runOnlyForDeploymentPostprocessing = 0;
			shellPath = /bin/sh;
			shellScript = "diff \"${PODS_PODFILE_DIR_PATH}/Podfile.lock\" \"${PODS_ROOT}/Manifest.lock\" > /dev/null\nif [ $? != 0 ] ; then\n    # print error to STDERR\n    echo \"error: The sandbox is not in sync with the Podfile.lock. Run 'pod install' or update your CocoaPods installation.\" >&2\n    exit 1\nfi\n# This output is used by Xcode 'outputs' to avoid re-running this script phase.\necho \"SUCCESS\" > \"${SCRIPT_OUTPUT_FILE_0}\"\n";
			showEnvVarsInLog = 0;
		};
		C6D4237850B47D15BBEDFA97 /* [CP] Check Pods Manifest.lock */ = {
			isa = PBXShellScriptBuildPhase;
			buildActionMask = 2147483647;
			files = (
			);
			inputFileListPaths = (
			);
			inputPaths = (
				"${PODS_PODFILE_DIR_PATH}/Podfile.lock",
				"${PODS_ROOT}/Manifest.lock",
			);
			name = "[CP] Check Pods Manifest.lock";
			outputFileListPaths = (
			);
			outputPaths = (
				"$(DERIVED_FILE_DIR)/Pods-Pull And Scroll-checkManifestLockResult.txt",
			);
			runOnlyForDeploymentPostprocessing = 0;
			shellPath = /bin/sh;
			shellScript = "diff \"${PODS_PODFILE_DIR_PATH}/Podfile.lock\" \"${PODS_ROOT}/Manifest.lock\" > /dev/null\nif [ $? != 0 ] ; then\n    # print error to STDERR\n    echo \"error: The sandbox is not in sync with the Podfile.lock. Run 'pod install' or update your CocoaPods installation.\" >&2\n    exit 1\nfi\n# This output is used by Xcode 'outputs' to avoid re-running this script phase.\necho \"SUCCESS\" > \"${SCRIPT_OUTPUT_FILE_0}\"\n";
			showEnvVarsInLog = 0;
		};
/* End PBXShellScriptBuildPhase section */

/* Begin PBXSourcesBuildPhase section */
		B6C4ABF825B67A4B004175BF /* Sources */ = {
			isa = PBXSourcesBuildPhase;
			buildActionMask = 2147483647;
			files = (
				B6C4AC3F25B67AC4004175BF /* PullScrollViewController.m in Sources */,
				B6C4AC0125B67A4B004175BF /* AppDelegate.m in Sources */,
				B6669D7F25B95D2E003D6202 /* TestViewController.m in Sources */,
				B698242425E0AEE40006073D /* Test2ViewController.m in Sources */,
				B6C4AC1225B67A4E004175BF /* main.m in Sources */,
			);
			runOnlyForDeploymentPostprocessing = 0;
		};
		B6C4AC1325B67A4F004175BF /* Sources */ = {
			isa = PBXSourcesBuildPhase;
			buildActionMask = 2147483647;
			files = (
				B6C4AC1C25B67A4F004175BF /* Pull_And_ScrollTests.m in Sources */,
			);
			runOnlyForDeploymentPostprocessing = 0;
		};
		B6C4AC1E25B67A4F004175BF /* Sources */ = {
			isa = PBXSourcesBuildPhase;
			buildActionMask = 2147483647;
			files = (
				B6C4AC2725B67A4F004175BF /* Pull_And_ScrollUITests.m in Sources */,
			);
			runOnlyForDeploymentPostprocessing = 0;
		};
/* End PBXSourcesBuildPhase section */

/* Begin PBXTargetDependency section */
		B6C4AC1925B67A4F004175BF /* PBXTargetDependency */ = {
			isa = PBXTargetDependency;
			target = B6C4ABFB25B67A4B004175BF /* Pull And Scroll */;
			targetProxy = B6C4AC1825B67A4F004175BF /* PBXContainerItemProxy */;
		};
		B6C4AC2425B67A4F004175BF /* PBXTargetDependency */ = {
			isa = PBXTargetDependency;
			target = B6C4ABFB25B67A4B004175BF /* Pull And Scroll */;
			targetProxy = B6C4AC2325B67A4F004175BF /* PBXContainerItemProxy */;
		};
/* End PBXTargetDependency section */

/* Begin PBXVariantGroup section */
		B6C4AC0D25B67A4E004175BF /* LaunchScreen.storyboard */ = {
			isa = PBXVariantGroup;
			children = (
				B6C4AC0E25B67A4E004175BF /* Base */,
			);
			name = LaunchScreen.storyboard;
			sourceTree = "<group>";
		};
/* End PBXVariantGroup section */

/* Begin XCBuildConfiguration section */
		B6C4AC2925B67A4F004175BF /* Debug */ = {
			isa = XCBuildConfiguration;
			buildSettings = {
				ALWAYS_SEARCH_USER_PATHS = NO;
				CLANG_ANALYZER_NONNULL = YES;
				CLANG_ANALYZER_NUMBER_OBJECT_CONVERSION = YES_AGGRESSIVE;
				CLANG_CXX_LANGUAGE_STANDARD = "gnu++14";
				CLANG_CXX_LIBRARY = "libc++";
				CLANG_ENABLE_MODULES = YES;
				CLANG_ENABLE_OBJC_ARC = YES;
				CLANG_ENABLE_OBJC_WEAK = YES;
				CLANG_WARN_BLOCK_CAPTURE_AUTORELEASING = YES;
				CLANG_WARN_BOOL_CONVERSION = YES;
				CLANG_WARN_COMMA = YES;
				CLANG_WARN_CONSTANT_CONVERSION = YES;
				CLANG_WARN_DEPRECATED_OBJC_IMPLEMENTATIONS = YES;
				CLANG_WARN_DIRECT_OBJC_ISA_USAGE = YES_ERROR;
				CLANG_WARN_DOCUMENTATION_COMMENTS = YES;
				CLANG_WARN_EMPTY_BODY = YES;
				CLANG_WARN_ENUM_CONVERSION = YES;
				CLANG_WARN_INFINITE_RECURSION = YES;
				CLANG_WARN_INT_CONVERSION = YES;
				CLANG_WARN_NON_LITERAL_NULL_CONVERSION = YES;
				CLANG_WARN_OBJC_IMPLICIT_RETAIN_SELF = YES;
				CLANG_WARN_OBJC_LITERAL_CONVERSION = YES;
				CLANG_WARN_OBJC_ROOT_CLASS = YES_ERROR;
				CLANG_WARN_QUOTED_INCLUDE_IN_FRAMEWORK_HEADER = YES;
				CLANG_WARN_RANGE_LOOP_ANALYSIS = YES;
				CLANG_WARN_STRICT_PROTOTYPES = YES;
				CLANG_WARN_SUSPICIOUS_MOVE = YES;
				CLANG_WARN_UNGUARDED_AVAILABILITY = YES_AGGRESSIVE;
				CLANG_WARN_UNREACHABLE_CODE = YES;
				CLANG_WARN__DUPLICATE_METHOD_MATCH = YES;
				COPY_PHASE_STRIP = NO;
				DEBUG_INFORMATION_FORMAT = dwarf;
				ENABLE_STRICT_OBJC_MSGSEND = YES;
				ENABLE_TESTABILITY = YES;
				GCC_C_LANGUAGE_STANDARD = gnu11;
				GCC_DYNAMIC_NO_PIC = NO;
				GCC_NO_COMMON_BLOCKS = YES;
				GCC_OPTIMIZATION_LEVEL = 0;
				GCC_PREPROCESSOR_DEFINITIONS = (
					"DEBUG=1",
					"$(inherited)",
				);
				GCC_WARN_64_TO_32_BIT_CONVERSION = YES;
				GCC_WARN_ABOUT_RETURN_TYPE = YES_ERROR;
				GCC_WARN_UNDECLARED_SELECTOR = YES;
				GCC_WARN_UNINITIALIZED_AUTOS = YES_AGGRESSIVE;
				GCC_WARN_UNUSED_FUNCTION = YES;
				GCC_WARN_UNUSED_VARIABLE = YES;
				IPHONEOS_DEPLOYMENT_TARGET = 14.0;
				MTL_ENABLE_DEBUG_INFO = INCLUDE_SOURCE;
				MTL_FAST_MATH = YES;
				ONLY_ACTIVE_ARCH = YES;
				SDKROOT = iphoneos;
			};
			name = Debug;
		};
		B6C4AC2A25B67A4F004175BF /* Release */ = {
			isa = XCBuildConfiguration;
			buildSettings = {
				ALWAYS_SEARCH_USER_PATHS = NO;
				CLANG_ANALYZER_NONNULL = YES;
				CLANG_ANALYZER_NUMBER_OBJECT_CONVERSION = YES_AGGRESSIVE;
				CLANG_CXX_LANGUAGE_STANDARD = "gnu++14";
				CLANG_CXX_LIBRARY = "libc++";
				CLANG_ENABLE_MODULES = YES;
				CLANG_ENABLE_OBJC_ARC = YES;
				CLANG_ENABLE_OBJC_WEAK = YES;
				CLANG_WARN_BLOCK_CAPTURE_AUTORELEASING = YES;
				CLANG_WARN_BOOL_CONVERSION = YES;
				CLANG_WARN_COMMA = YES;
				CLANG_WARN_CONSTANT_CONVERSION = YES;
				CLANG_WARN_DEPRECATED_OBJC_IMPLEMENTATIONS = YES;
				CLANG_WARN_DIRECT_OBJC_ISA_USAGE = YES_ERROR;
				CLANG_WARN_DOCUMENTATION_COMMENTS = YES;
				CLANG_WARN_EMPTY_BODY = YES;
				CLANG_WARN_ENUM_CONVERSION = YES;
				CLANG_WARN_INFINITE_RECURSION = YES;
				CLANG_WARN_INT_CONVERSION = YES;
				CLANG_WARN_NON_LITERAL_NULL_CONVERSION = YES;
				CLANG_WARN_OBJC_IMPLICIT_RETAIN_SELF = YES;
				CLANG_WARN_OBJC_LITERAL_CONVERSION = YES;
				CLANG_WARN_OBJC_ROOT_CLASS = YES_ERROR;
				CLANG_WARN_QUOTED_INCLUDE_IN_FRAMEWORK_HEADER = YES;
				CLANG_WARN_RANGE_LOOP_ANALYSIS = YES;
				CLANG_WARN_STRICT_PROTOTYPES = YES;
				CLANG_WARN_SUSPICIOUS_MOVE = YES;
				CLANG_WARN_UNGUARDED_AVAILABILITY = YES_AGGRESSIVE;
				CLANG_WARN_UNREACHABLE_CODE = YES;
				CLANG_WARN__DUPLICATE_METHOD_MATCH = YES;
				COPY_PHASE_STRIP = NO;
				DEBUG_INFORMATION_FORMAT = "dwarf-with-dsym";
				ENABLE_NS_ASSERTIONS = NO;
				ENABLE_STRICT_OBJC_MSGSEND = YES;
				GCC_C_LANGUAGE_STANDARD = gnu11;
				GCC_NO_COMMON_BLOCKS = YES;
				GCC_WARN_64_TO_32_BIT_CONVERSION = YES;
				GCC_WARN_ABOUT_RETURN_TYPE = YES_ERROR;
				GCC_WARN_UNDECLARED_SELECTOR = YES;
				GCC_WARN_UNINITIALIZED_AUTOS = YES_AGGRESSIVE;
				GCC_WARN_UNUSED_FUNCTION = YES;
				GCC_WARN_UNUSED_VARIABLE = YES;
				IPHONEOS_DEPLOYMENT_TARGET = 14.0;
				MTL_ENABLE_DEBUG_INFO = NO;
				MTL_FAST_MATH = YES;
				SDKROOT = iphoneos;
				VALIDATE_PRODUCT = YES;
			};
			name = Release;
		};
		B6C4AC2C25B67A4F004175BF /* Debug */ = {
			isa = XCBuildConfiguration;
			baseConfigurationReference = 1DBBD0E71A4E64A61DD2CF0C /* Pods-Pull And Scroll.debug.xcconfig */;
			buildSettings = {
				ASSETCATALOG_COMPILER_APPICON_NAME = AppIcon;
				ASSETCATALOG_COMPILER_GLOBAL_ACCENT_COLOR_NAME = AccentColor;
				CODE_SIGN_STYLE = Automatic;
				DEVELOPMENT_TEAM = NC2M6D7A5Q;
				INFOPLIST_FILE = "Pull And Scroll/Info.plist";
				IPHONEOS_DEPLOYMENT_TARGET = 9.0;
				LD_RUNPATH_SEARCH_PATHS = (
					"$(inherited)",
					"@executable_path/Frameworks",
				);
				PRODUCT_BUNDLE_IDENTIFIER = "com.greatyun.Pull-And-Scroll";
				PRODUCT_NAME = "$(TARGET_NAME)";
				TARGETED_DEVICE_FAMILY = "1,2";
			};
			name = Debug;
		};
		B6C4AC2D25B67A4F004175BF /* Release */ = {
			isa = XCBuildConfiguration;
			baseConfigurationReference = 4D4AE6DD30CEEE86B9141DB9 /* Pods-Pull And Scroll.release.xcconfig */;
			buildSettings = {
				ASSETCATALOG_COMPILER_APPICON_NAME = AppIcon;
				ASSETCATALOG_COMPILER_GLOBAL_ACCENT_COLOR_NAME = AccentColor;
				CODE_SIGN_STYLE = Automatic;
				DEVELOPMENT_TEAM = NC2M6D7A5Q;
				INFOPLIST_FILE = "Pull And Scroll/Info.plist";
				IPHONEOS_DEPLOYMENT_TARGET = 9.0;
				LD_RUNPATH_SEARCH_PATHS = (
					"$(inherited)",
					"@executable_path/Frameworks",
				);
				PRODUCT_BUNDLE_IDENTIFIER = "com.greatyun.Pull-And-Scroll";
				PRODUCT_NAME = "$(TARGET_NAME)";
				TARGETED_DEVICE_FAMILY = "1,2";
			};
			name = Release;
		};
		B6C4AC2F25B67A4F004175BF /* Debug */ = {
			isa = XCBuildConfiguration;
			baseConfigurationReference = 851F81041C48C483E2E4532F /* Pods-Pull And ScrollTests.debug.xcconfig */;
			buildSettings = {
				BUNDLE_LOADER = "$(TEST_HOST)";
				CODE_SIGN_STYLE = Automatic;
				DEVELOPMENT_TEAM = NC2M6D7A5Q;
				INFOPLIST_FILE = "Pull And ScrollTests/Info.plist";
				IPHONEOS_DEPLOYMENT_TARGET = 14.0;
				LD_RUNPATH_SEARCH_PATHS = (
					"$(inherited)",
					"@executable_path/Frameworks",
					"@loader_path/Frameworks",
				);
				PRODUCT_BUNDLE_IDENTIFIER = "com.greatyun.Pull-And-ScrollTests";
				PRODUCT_NAME = "$(TARGET_NAME)";
				TARGETED_DEVICE_FAMILY = "1,2";
				TEST_HOST = "$(BUILT_PRODUCTS_DIR)/Pull And Scroll.app/Pull And Scroll";
			};
			name = Debug;
		};
		B6C4AC3025B67A4F004175BF /* Release */ = {
			isa = XCBuildConfiguration;
			baseConfigurationReference = FFD156FD4C8597D3CA7F756B /* Pods-Pull And ScrollTests.release.xcconfig */;
			buildSettings = {
				BUNDLE_LOADER = "$(TEST_HOST)";
				CODE_SIGN_STYLE = Automatic;
				DEVELOPMENT_TEAM = NC2M6D7A5Q;
				INFOPLIST_FILE = "Pull And ScrollTests/Info.plist";
				IPHONEOS_DEPLOYMENT_TARGET = 14.0;
				LD_RUNPATH_SEARCH_PATHS = (
					"$(inherited)",
					"@executable_path/Frameworks",
					"@loader_path/Frameworks",
				);
				PRODUCT_BUNDLE_IDENTIFIER = "com.greatyun.Pull-And-ScrollTests";
				PRODUCT_NAME = "$(TARGET_NAME)";
				TARGETED_DEVICE_FAMILY = "1,2";
				TEST_HOST = "$(BUILT_PRODUCTS_DIR)/Pull And Scroll.app/Pull And Scroll";
			};
			name = Release;
		};
		B6C4AC3225B67A4F004175BF /* Debug */ = {
			isa = XCBuildConfiguration;
			baseConfigurationReference = 323730B564D1FFDFA0067113 /* Pods-Pull And Scroll-Pull And ScrollUITests.debug.xcconfig */;
			buildSettings = {
				CODE_SIGN_STYLE = Automatic;
				DEVELOPMENT_TEAM = NC2M6D7A5Q;
				INFOPLIST_FILE = "Pull And ScrollUITests/Info.plist";
				LD_RUNPATH_SEARCH_PATHS = (
					"$(inherited)",
					"@executable_path/Frameworks",
					"@loader_path/Frameworks",
				);
				PRODUCT_BUNDLE_IDENTIFIER = "com.greatyun.Pull-And-ScrollUITests";
				PRODUCT_NAME = "$(TARGET_NAME)";
				TARGETED_DEVICE_FAMILY = "1,2";
				TEST_TARGET_NAME = "Pull And Scroll";
			};
			name = Debug;
		};
		B6C4AC3325B67A4F004175BF /* Release */ = {
			isa = XCBuildConfiguration;
			baseConfigurationReference = CF050C90487ED6ECEB1745A2 /* Pods-Pull And Scroll-Pull And ScrollUITests.release.xcconfig */;
			buildSettings = {
				CODE_SIGN_STYLE = Automatic;
				DEVELOPMENT_TEAM = NC2M6D7A5Q;
				INFOPLIST_FILE = "Pull And ScrollUITests/Info.plist";
				LD_RUNPATH_SEARCH_PATHS = (
					"$(inherited)",
					"@executable_path/Frameworks",
					"@loader_path/Frameworks",
				);
				PRODUCT_BUNDLE_IDENTIFIER = "com.greatyun.Pull-And-ScrollUITests";
				PRODUCT_NAME = "$(TARGET_NAME)";
				TARGETED_DEVICE_FAMILY = "1,2";
				TEST_TARGET_NAME = "Pull And Scroll";
			};
			name = Release;
		};
/* End XCBuildConfiguration section */

/* Begin XCConfigurationList section */
		B6C4ABF725B67A4B004175BF /* Build configuration list for PBXProject "Pull And Scroll" */ = {
			isa = XCConfigurationList;
			buildConfigurations = (
				B6C4AC2925B67A4F004175BF /* Debug */,
				B6C4AC2A25B67A4F004175BF /* Release */,
			);
			defaultConfigurationIsVisible = 0;
			defaultConfigurationName = Release;
		};
		B6C4AC2B25B67A4F004175BF /* Build configuration list for PBXNativeTarget "Pull And Scroll" */ = {
			isa = XCConfigurationList;
			buildConfigurations = (
				B6C4AC2C25B67A4F004175BF /* Debug */,
				B6C4AC2D25B67A4F004175BF /* Release */,
			);
			defaultConfigurationIsVisible = 0;
			defaultConfigurationName = Release;
		};
		B6C4AC2E25B67A4F004175BF /* Build configuration list for PBXNativeTarget "Pull And ScrollTests" */ = {
			isa = XCConfigurationList;
			buildConfigurations = (
				B6C4AC2F25B67A4F004175BF /* Debug */,
				B6C4AC3025B67A4F004175BF /* Release */,
			);
			defaultConfigurationIsVisible = 0;
			defaultConfigurationName = Release;
		};
		B6C4AC3125B67A4F004175BF /* Build configuration list for PBXNativeTarget "Pull And ScrollUITests" */ = {
			isa = XCConfigurationList;
			buildConfigurations = (
				B6C4AC3225B67A4F004175BF /* Debug */,
				B6C4AC3325B67A4F004175BF /* Release */,
			);
			defaultConfigurationIsVisible = 0;
			defaultConfigurationName = Release;
		};
/* End XCConfigurationList section */
	};
	rootObject = B6C4ABF425B67A4A004175BF /* Project object */;
}
